{
  "name": "remotejsi",
  "lockfileVersion": 2,
  "requires": true,
  "packages": {
    "": {
      "dependencies": {
        "hermes-engine": "^0.8.0"
      }
    },
    "node_modules/hermes-engine": {
      "version": "0.8.0",
      "resolved": "https://registry.npmjs.org/hermes-engine/-/hermes-engine-0.8.0.tgz",
      "integrity": "sha512-bFxAnIjE8M3cco1uh4HlHME8qmOsPcVS75bQoo/fM3wUzMYxZBL0s1IfePUO+R9IUKoO+pfIpjV2I9ay8w7mqw=="
    }
  },
  "dependencies": {
    "hermes-engine": {
      "version": "0.8.0",
      "resolved": "https://registry.npmjs.org/hermes-engine/-/hermes-engine-0.8.0.tgz",
      "integrity": "sha512-bFxAnIjE8M3cco1uh4HlHME8qmOsPcVS75bQoo/fM3wUzMYxZBL0s1IfePUO+R9IUKoO+pfIpjV2I9ay8w7mqw=="
    }
  }
}
